
Microsoft Visual Studio Solution File, Format Version 12.00
# Visual Studio Version 17
VisualStudioVersion = 17.13.35731.43 d17.13
MinimumVisualStudioVersion = 10.0.40219.1
Project("{FAE04EC0-301F-11D3-BF4B-00C04F79EFBC}") = "OtobusOtomasyonSistemi", "OtobusOtomasyonSistemi\OtobusOtomasyonSistemi.csproj", "{8088A7F3-E0A8-4D42-8249-F7D2026CB400}"
EndProject
Global
	GlobalSection(SolutionConfigurationPlatforms) = preSolution
		Debug|Any CPU = Debug|Any CPU
		Release|Any CPU = Release|Any CPU
	EndGlobalSection
	GlobalSection(ProjectConfigurationPlatforms) = postSolution
		{8088A7F3-E0A8-4D42-8249-F7D2026CB400}.Debug|Any CPU.ActiveCfg = Debug|Any CPU
		{8088A7F3-E0A8-4D42-8249-F7D2026CB400}.Debug|Any CPU.Build.0 = Debug|Any CPU
		{8088A7F3-E0A8-4D42-8249-F7D2026CB400}.Release|Any CPU.ActiveCfg = Release|Any CPU
		{8088A7F3-E0A8-4D42-8249-F7D2026CB400}.Release|Any CPU.Build.0 = Release|Any CPU
	EndGlobalSection
	GlobalSection(SolutionProperties) = preSolution
		HideSolutionNode = FALSE
	EndGlobalSection
	GlobalSection(ExtensibilityGlobals) = postSolution
		SolutionGuid = {BCDF4E57-0DD4-410F-8C26-E03BF5260A4F}
	EndGlobalSection
EndGlobal
